
Microsoft Visual Studio Solution File, Format Version 12.00
# Visual Studio Version 17
VisualStudioVersion = 17.7.34018.315
MinimumVisualStudioVersion = 10.0.40219.1
Project("{FAE04EC0-301F-11D3-BF4B-00C04F79EFBC}") = "ApiTransation", "ApiTransation.csproj", "{DD1E1129-AFEF-4390-BB05-A9D88ADCCA87}"
EndProject
Global
	GlobalSection(SolutionConfigurationPlatforms) = preSolution
		Debug|Any CPU = Debug|Any CPU
		Release|Any CPU = Release|Any CPU
	EndGlobalSection
	GlobalSection(ProjectConfigurationPlatforms) = postSolution
		{DD1E1129-AFEF-4390-BB05-A9D88ADCCA87}.Debug|Any CPU.ActiveCfg = Debug|Any CPU
		{DD1E1129-AFEF-4390-BB05-A9D88ADCCA87}.Debug|Any CPU.Build.0 = Debug|Any CPU
		{DD1E1129-AFEF-4390-BB05-A9D88ADCCA87}.Release|Any CPU.ActiveCfg = Release|Any CPU
		{DD1E1129-AFEF-4390-BB05-A9D88ADCCA87}.Release|Any CPU.Build.0 = Release|Any CPU
	EndGlobalSection
	GlobalSection(SolutionProperties) = preSolution
		HideSolutionNode = FALSE
	EndGlobalSection
	GlobalSection(ExtensibilityGlobals) = postSolution
		SolutionGuid = {2714567C-20D5-43E2-83DE-229552BF06C9}
	EndGlobalSection
EndGlobal
